
Microsoft Visual Studio Solution File, Format Version 12.00
# Visual Studio Version 17
VisualStudioVersion = 17.11.35303.130
MinimumVisualStudioVersion = 10.0.40219.1
Project("{FAE04EC0-301F-11D3-BF4B-00C04F79EFBC}") = "CompanyApi", "CompanyApi\CompanyApi.csproj", "{5FF3C0CD-05B2-45D7-990D-6985097151D5}"
EndProject
Project("{FAE04EC0-301F-11D3-BF4B-00C04F79EFBC}") = "Domain", "Domain\Domain.csproj", "{2922CD1F-AACF-4313-83F9-31627187AC2E}"
EndProject
Project("{FAE04EC0-301F-11D3-BF4B-00C04F79EFBC}") = "Database", "Database\Database.csproj", "{DF8A1904-9E50-472E-93FF-6980BF072F40}"
EndProject
Global
	GlobalSection(SolutionConfigurationPlatforms) = preSolution
		Debug|Any CPU = Debug|Any CPU
		Release|Any CPU = Release|Any CPU
	EndGlobalSection
	GlobalSection(ProjectConfigurationPlatforms) = postSolution
		{5FF3C0CD-05B2-45D7-990D-6985097151D5}.Debug|Any CPU.ActiveCfg = Debug|Any CPU
		{5FF3C0CD-05B2-45D7-990D-6985097151D5}.Debug|Any CPU.Build.0 = Debug|Any CPU
		{5FF3C0CD-05B2-45D7-990D-6985097151D5}.Release|Any CPU.ActiveCfg = Release|Any CPU
		{5FF3C0CD-05B2-45D7-990D-6985097151D5}.Release|Any CPU.Build.0 = Release|Any CPU
		{2922CD1F-AACF-4313-83F9-31627187AC2E}.Debug|Any CPU.ActiveCfg = Debug|Any CPU
		{2922CD1F-AACF-4313-83F9-31627187AC2E}.Debug|Any CPU.Build.0 = Debug|Any CPU
		{2922CD1F-AACF-4313-83F9-31627187AC2E}.Release|Any CPU.ActiveCfg = Release|Any CPU
		{2922CD1F-AACF-4313-83F9-31627187AC2E}.Release|Any CPU.Build.0 = Release|Any CPU
		{DF8A1904-9E50-472E-93FF-6980BF072F40}.Debug|Any CPU.ActiveCfg = Debug|Any CPU
		{DF8A1904-9E50-472E-93FF-6980BF072F40}.Debug|Any CPU.Build.0 = Debug|Any CPU
		{DF8A1904-9E50-472E-93FF-6980BF072F40}.Release|Any CPU.ActiveCfg = Release|Any CPU
		{DF8A1904-9E50-472E-93FF-6980BF072F40}.Release|Any CPU.Build.0 = Release|Any CPU
	EndGlobalSection
	GlobalSection(SolutionProperties) = preSolution
		HideSolutionNode = FALSE
	EndGlobalSection
	GlobalSection(ExtensibilityGlobals) = postSolution
		SolutionGuid = {5EA79C33-DA73-4F6F-BCA6-06CDCE92CC2A}
	EndGlobalSection
EndGlobal
