
Microsoft Visual Studio Solution File, Format Version 12.00
# Visual Studio Version 17
VisualStudioVersion = 17.11.35303.130
MinimumVisualStudioVersion = 10.0.40219.1
Project("{FAE04EC0-301F-11D3-BF4B-00C04F79EFBC}") = "CompanyApi", "CompanyApi\CompanyApi.csproj", "{5FF3C0CD-05B2-45D7-990D-6985097151D5}"
EndProject
Project("{FAE04EC0-301F-11D3-BF4B-00C04F79EFBC}") = "Domain", "Domain\Domain.csproj", "{2922CD1F-AACF-4313-83F9-31627187AC2E}"
EndProject
Project("{FAE04EC0-301F-11D3-BF4B-00C04F79EFBC}") = "Database", "Database\Database.csproj", "{DF8A1904-9E50-472E-93FF-6980BF072F40}"
EndProject
Project("{FAE04EC0-301F-11D3-BF4B-00C04F79EFBC}") = "Application", "Application\Application.csproj", "{3B7831EC-C8B3-4953-A639-E4221FB7EA36}"
EndProject
Project("{FAE04EC0-301F-11D3-BF4B-00C04F79EFBC}") = "CompanyApi.AppHost", "CompanyApi.AppHost\CompanyApi.AppHost.csproj", "{DA8386CD-5691-4B1C-AD09-1A7360355381}"
EndProject
Project("{FAE04EC0-301F-11D3-BF4B-00C04F79EFBC}") = "CompanyApi.ServiceDefaults", "CompanyApi.ServiceDefaults\CompanyApi.ServiceDefaults.csproj", "{6D4169E1-C98D-1973-7901-2620B21ED233}"
EndProject
Global
	GlobalSection(SolutionConfigurationPlatforms) = preSolution
		Debug|Any CPU = Debug|Any CPU
		Release|Any CPU = Release|Any CPU
	EndGlobalSection
	GlobalSection(ProjectConfigurationPlatforms) = postSolution
		{5FF3C0CD-05B2-45D7-990D-6985097151D5}.Debug|Any CPU.ActiveCfg = Debug|Any CPU
		{5FF3C0CD-05B2-45D7-990D-6985097151D5}.Debug|Any CPU.Build.0 = Debug|Any CPU
		{5FF3C0CD-05B2-45D7-990D-6985097151D5}.Release|Any CPU.ActiveCfg = Release|Any CPU
		{5FF3C0CD-05B2-45D7-990D-6985097151D5}.Release|Any CPU.Build.0 = Release|Any CPU
		{2922CD1F-AACF-4313-83F9-31627187AC2E}.Debug|Any CPU.ActiveCfg = Debug|Any CPU
		{2922CD1F-AACF-4313-83F9-31627187AC2E}.Debug|Any CPU.Build.0 = Debug|Any CPU
		{2922CD1F-AACF-4313-83F9-31627187AC2E}.Release|Any CPU.ActiveCfg = Release|Any CPU
		{2922CD1F-AACF-4313-83F9-31627187AC2E}.Release|Any CPU.Build.0 = Release|Any CPU
		{DF8A1904-9E50-472E-93FF-6980BF072F40}.Debug|Any CPU.ActiveCfg = Debug|Any CPU
		{DF8A1904-9E50-472E-93FF-6980BF072F40}.Debug|Any CPU.Build.0 = Debug|Any CPU
		{DF8A1904-9E50-472E-93FF-6980BF072F40}.Release|Any CPU.ActiveCfg = Release|Any CPU
		{DF8A1904-9E50-472E-93FF-6980BF072F40}.Release|Any CPU.Build.0 = Release|Any CPU
		{3B7831EC-C8B3-4953-A639-E4221FB7EA36}.Debug|Any CPU.ActiveCfg = Debug|Any CPU
		{3B7831EC-C8B3-4953-A639-E4221FB7EA36}.Debug|Any CPU.Build.0 = Debug|Any CPU
		{3B7831EC-C8B3-4953-A639-E4221FB7EA36}.Release|Any CPU.ActiveCfg = Release|Any CPU
		{3B7831EC-C8B3-4953-A639-E4221FB7EA36}.Release|Any CPU.Build.0 = Release|Any CPU
		{DA8386CD-5691-4B1C-AD09-1A7360355381}.Debug|Any CPU.ActiveCfg = Debug|Any CPU
		{DA8386CD-5691-4B1C-AD09-1A7360355381}.Debug|Any CPU.Build.0 = Debug|Any CPU
		{DA8386CD-5691-4B1C-AD09-1A7360355381}.Release|Any CPU.ActiveCfg = Release|Any CPU
		{DA8386CD-5691-4B1C-AD09-1A7360355381}.Release|Any CPU.Build.0 = Release|Any CPU
		{6D4169E1-C98D-1973-7901-2620B21ED233}.Debug|Any CPU.ActiveCfg = Debug|Any CPU
		{6D4169E1-C98D-1973-7901-2620B21ED233}.Debug|Any CPU.Build.0 = Debug|Any CPU
		{6D4169E1-C98D-1973-7901-2620B21ED233}.Release|Any CPU.ActiveCfg = Release|Any CPU
		{6D4169E1-C98D-1973-7901-2620B21ED233}.Release|Any CPU.Build.0 = Release|Any CPU
	EndGlobalSection
	GlobalSection(SolutionProperties) = preSolution
		HideSolutionNode = FALSE
	EndGlobalSection
	GlobalSection(ExtensibilityGlobals) = postSolution
		SolutionGuid = {5EA79C33-DA73-4F6F-BCA6-06CDCE92CC2A}
	EndGlobalSection
EndGlobal
